
Microsoft Visual Studio Solution File, Format Version 12.00
# Visual Studio Version 17
VisualStudioVersion = 17.0.31903.59
MinimumVisualStudioVersion = 10.0.40219.1
Project("{9A19103F-16F7-4668-BE54-9A1E7A4F7556}") = "PetHome.API", "src\PetHome.API\PetHome.API.csproj", "{C063B281-E1F1-452D-8AF5-31C5E23FF9B6}"
EndProject
Project("{9A19103F-16F7-4668-BE54-9A1E7A4F7556}") = "PetHome.Infrastructure", "src\PetHome.Infrastructure\PetHome.Infrastructure.csproj", "{31218CB5-E306-44B6-B08B-34353D58EE77}"
EndProject
Project("{9A19103F-16F7-4668-BE54-9A1E7A4F7556}") = "PetHome.Application", "src\PetHome.Application\PetHome.Application.csproj", "{0048BDF5-B335-4749-8D8C-AC319E79C9BF}"
EndProject
Project("{E53339B2-1760-4266-BCC7-CA923CBCF16C}") = "docker-compose", "docker-compose.dcproj", "{93FD1EE1-20EB-42CE-BCB1-0B3BEC26F4AB}"
EndProject
Project("{FAE04EC0-301F-11D3-BF4B-00C04F79EFBC}") = "PetHome.Domain", "src\PetHome.Domain\PetHome.Domain.csproj", "{D653C3FA-AA77-4E89-839A-B0BA44A785B5}"
EndProject
Project("{FAE04EC0-301F-11D3-BF4B-00C04F79EFBC}") = "PetHome.UnitTests", "tests\PetHome.UnitTests\PetHome.UnitTests.csproj", "{D91F24EE-6D15-4450-A92E-2E8183CCE2F2}"
EndProject
Project("{FAE04EC0-301F-11D3-BF4B-00C04F79EFBC}") = "PetHome.IntegrationTests", "tests\PetHome.IntegrationTests\PetHome.IntegrationTests.csproj", "{E9542F9D-D9A4-485A-A6B5-A80F2F16CCBD}"
EndProject
Global
	GlobalSection(SolutionConfigurationPlatforms) = preSolution
		Debug|Any CPU = Debug|Any CPU
		Release|Any CPU = Release|Any CPU
	EndGlobalSection
	GlobalSection(ProjectConfigurationPlatforms) = postSolution
		{C063B281-E1F1-452D-8AF5-31C5E23FF9B6}.Debug|Any CPU.ActiveCfg = Debug|Any CPU
		{C063B281-E1F1-452D-8AF5-31C5E23FF9B6}.Debug|Any CPU.Build.0 = Debug|Any CPU
		{C063B281-E1F1-452D-8AF5-31C5E23FF9B6}.Release|Any CPU.ActiveCfg = Release|Any CPU
		{C063B281-E1F1-452D-8AF5-31C5E23FF9B6}.Release|Any CPU.Build.0 = Release|Any CPU
		{31218CB5-E306-44B6-B08B-34353D58EE77}.Debug|Any CPU.ActiveCfg = Debug|Any CPU
		{31218CB5-E306-44B6-B08B-34353D58EE77}.Debug|Any CPU.Build.0 = Debug|Any CPU
		{31218CB5-E306-44B6-B08B-34353D58EE77}.Release|Any CPU.ActiveCfg = Release|Any CPU
		{31218CB5-E306-44B6-B08B-34353D58EE77}.Release|Any CPU.Build.0 = Release|Any CPU
		{0048BDF5-B335-4749-8D8C-AC319E79C9BF}.Debug|Any CPU.ActiveCfg = Debug|Any CPU
		{0048BDF5-B335-4749-8D8C-AC319E79C9BF}.Debug|Any CPU.Build.0 = Debug|Any CPU
		{0048BDF5-B335-4749-8D8C-AC319E79C9BF}.Release|Any CPU.ActiveCfg = Release|Any CPU
		{0048BDF5-B335-4749-8D8C-AC319E79C9BF}.Release|Any CPU.Build.0 = Release|Any CPU
		{93FD1EE1-20EB-42CE-BCB1-0B3BEC26F4AB}.Debug|Any CPU.ActiveCfg = Debug|Any CPU
		{93FD1EE1-20EB-42CE-BCB1-0B3BEC26F4AB}.Debug|Any CPU.Build.0 = Debug|Any CPU
		{93FD1EE1-20EB-42CE-BCB1-0B3BEC26F4AB}.Release|Any CPU.ActiveCfg = Release|Any CPU
		{93FD1EE1-20EB-42CE-BCB1-0B3BEC26F4AB}.Release|Any CPU.Build.0 = Release|Any CPU
		{D653C3FA-AA77-4E89-839A-B0BA44A785B5}.Debug|Any CPU.ActiveCfg = Debug|Any CPU
		{D653C3FA-AA77-4E89-839A-B0BA44A785B5}.Debug|Any CPU.Build.0 = Debug|Any CPU
		{D653C3FA-AA77-4E89-839A-B0BA44A785B5}.Release|Any CPU.ActiveCfg = Release|Any CPU
		{D653C3FA-AA77-4E89-839A-B0BA44A785B5}.Release|Any CPU.Build.0 = Release|Any CPU
		{D91F24EE-6D15-4450-A92E-2E8183CCE2F2}.Debug|Any CPU.ActiveCfg = Debug|Any CPU
		{D91F24EE-6D15-4450-A92E-2E8183CCE2F2}.Debug|Any CPU.Build.0 = Debug|Any CPU
		{D91F24EE-6D15-4450-A92E-2E8183CCE2F2}.Release|Any CPU.ActiveCfg = Release|Any CPU
		{D91F24EE-6D15-4450-A92E-2E8183CCE2F2}.Release|Any CPU.Build.0 = Release|Any CPU
		{E9542F9D-D9A4-485A-A6B5-A80F2F16CCBD}.Debug|Any CPU.ActiveCfg = Debug|Any CPU
		{E9542F9D-D9A4-485A-A6B5-A80F2F16CCBD}.Debug|Any CPU.Build.0 = Debug|Any CPU
		{E9542F9D-D9A4-485A-A6B5-A80F2F16CCBD}.Release|Any CPU.ActiveCfg = Release|Any CPU
		{E9542F9D-D9A4-485A-A6B5-A80F2F16CCBD}.Release|Any CPU.Build.0 = Release|Any CPU
	EndGlobalSection
	GlobalSection(SolutionProperties) = preSolution
		HideSolutionNode = FALSE
	EndGlobalSection
	GlobalSection(ExtensibilityGlobals) = postSolution
		SolutionGuid = {F9854031-7707-4BE6-A92C-67D9DA83E819}
	EndGlobalSection
EndGlobal
