
Microsoft Visual Studio Solution File, Format Version 12.00
# Visual Studio Version 17
VisualStudioVersion = 17.0.31903.59
MinimumVisualStudioVersion = 10.0.40219.1
Project("{9A19103F-16F7-4668-BE54-9A1E7A4F7556}") = "PetHome.API", "src\PetHome.API\PetHome.API.csproj", "{C063B281-E1F1-452D-8AF5-31C5E23FF9B6}"
EndProject
Project("{9A19103F-16F7-4668-BE54-9A1E7A4F7556}") = "PetHome.Infrastructure", "src\PetHome.Infrastructure\PetHome.Infrastructure.csproj", "{31218CB5-E306-44B6-B08B-34353D58EE77}"
EndProject
Project("{E53339B2-1760-4266-BCC7-CA923CBCF16C}") = "docker-compose", "docker-compose.dcproj", "{93FD1EE1-20EB-42CE-BCB1-0B3BEC26F4AB}"
EndProject
Project("{FAE04EC0-301F-11D3-BF4B-00C04F79EFBC}") = "PetHome.Domain", "src\PetHome.Domain\PetHome.Domain.csproj", "{D653C3FA-AA77-4E89-839A-B0BA44A785B5}"
EndProject
Project("{FAE04EC0-301F-11D3-BF4B-00C04F79EFBC}") = "PetHome.UnitTests", "tests\PetHome.UnitTests\PetHome.UnitTests.csproj", "{D91F24EE-6D15-4450-A92E-2E8183CCE2F2}"
EndProject
Project("{FAE04EC0-301F-11D3-BF4B-00C04F79EFBC}") = "PetHome.IntegrationTests", "tests\PetHome.IntegrationTests\PetHome.IntegrationTests.csproj", "{E9542F9D-D9A4-485A-A6B5-A80F2F16CCBD}"
EndProject
Project("{2150E333-8FDC-42A3-9474-1A3956D46DE8}") = "src", "src", "{50B3BB46-0E41-4805-A741-9235903F00DC}"
EndProject
Project("{2150E333-8FDC-42A3-9474-1A3956D46DE8}") = "tests", "tests", "{E134002C-2D5C-4EA8-A925-A4D138293D4A}"
EndProject
Project("{2150E333-8FDC-42A3-9474-1A3956D46DE8}") = "Volunteers", "Volunteers", "{10E3DF19-8EA1-413F-BD93-83AE88A7FADA}"
EndProject
Project("{2150E333-8FDC-42A3-9474-1A3956D46DE8}") = "Shared", "Shared", "{004A2769-EE4D-4680-B3A1-5593ADC6C946}"
EndProject
Project("{2150E333-8FDC-42A3-9474-1A3956D46DE8}") = "Species", "Species", "{AC7ECCBB-5922-4254-8A87-FEB21E71E603}"
EndProject
Project("{FAE04EC0-301F-11D3-BF4B-00C04F79EFBC}") = "PetHome.Volunteers.API", "src\Volunteers\PetHome.Volunteers.API\PetHome.Volunteers.API.csproj", "{61027BF9-6B4F-478B-A62C-E186A187D294}"
EndProject
Project("{FAE04EC0-301F-11D3-BF4B-00C04F79EFBC}") = "PetHome.Volunteers.Application", "src\Volunteers\PetHome.Volunteers.Application\PetHome.Volunteers.Application.csproj", "{1BFF6784-E9E2-4686-928B-29331DB30A23}"
EndProject
Project("{FAE04EC0-301F-11D3-BF4B-00C04F79EFBC}") = "PetHome.Volunteers.Domain", "src\Volunteers\PetHome.Volunteers.Domain\PetHome.Volunteers.Domain.csproj", "{1D5FF9DC-1676-4EDB-AD65-C3B132FC7550}"
EndProject
Project("{FAE04EC0-301F-11D3-BF4B-00C04F79EFBC}") = "PetHome.Volunteers.Infrastructure", "src\Volunteers\PetHome.Volunteers.Infrastructure\PetHome.Volunteers.Infrastructure.csproj", "{79A0E949-11E1-4A15-9880-D2AEA3E4B7A2}"
EndProject
Project("{FAE04EC0-301F-11D3-BF4B-00C04F79EFBC}") = "PetHome.Volunteers.Contracts", "src\Volunteers\PetHome.Volunteers.Contracts\PetHome.Volunteers.Contracts.csproj", "{1003A9B0-20EE-45BB-B7E2-54C4FC239038}"
EndProject
Project("{FAE04EC0-301F-11D3-BF4B-00C04F79EFBC}") = "PetHome.Species.API", "src\Species\PetHome.Species.API\PetHome.Species.API.csproj", "{06986C83-B88C-4C1F-BD66-C39997E4ED48}"
EndProject
Project("{FAE04EC0-301F-11D3-BF4B-00C04F79EFBC}") = "PetHome.Species.Application", "src\Species\PetHome.Species.Application\PetHome.Species.Application.csproj", "{C57DE1F5-DBF0-4FEC-B87D-E2356212ADBB}"
EndProject
Project("{FAE04EC0-301F-11D3-BF4B-00C04F79EFBC}") = "PetHome.Species.Domain", "src\Species\PetHome.Species.Domain\PetHome.Species.Domain.csproj", "{9D026699-5070-4F16-8EAF-D58F1AF1D5E2}"
EndProject
Project("{FAE04EC0-301F-11D3-BF4B-00C04F79EFBC}") = "PetHome.Species.Infrastructure", "src\Species\PetHome.Species.Infrastructure\PetHome.Species.Infrastructure.csproj", "{E2E9EEEF-0920-4729-9069-75530A235881}"
EndProject
Project("{FAE04EC0-301F-11D3-BF4B-00C04F79EFBC}") = "PetHome.Species.Contracts", "src\Species\PetHome.Species.Contracts\PetHome.Species.Contracts.csproj", "{3CAB9CEF-0201-4096-BFEC-EFF9221E57E8}"
EndProject
Project("{FAE04EC0-301F-11D3-BF4B-00C04F79EFBC}") = "PetHome.Core", "src\Shared\PetHome.Core\PetHome.Core.csproj", "{D7B23423-E018-4867-A492-2730BDF34423}"
EndProject
Project("{FAE04EC0-301F-11D3-BF4B-00C04F79EFBC}") = "PetHome.SharedKernel", "src\Shared\PetHome.SharedKernel\PetHome.SharedKernel.csproj", "{3B0640F5-A39E-4655-A0CA-B30968002462}"
EndProject
Project("{FAE04EC0-301F-11D3-BF4B-00C04F79EFBC}") = "PetHome.Framework", "src\Shared\PetHome.Framework\PetHome.Framework.csproj", "{2AAB5E03-7793-4404-852F-4AEEFCD0B4D0}"
EndProject
Global
	GlobalSection(SolutionConfigurationPlatforms) = preSolution
		Debug|Any CPU = Debug|Any CPU
		Release|Any CPU = Release|Any CPU
	EndGlobalSection
	GlobalSection(ProjectConfigurationPlatforms) = postSolution
		{C063B281-E1F1-452D-8AF5-31C5E23FF9B6}.Debug|Any CPU.ActiveCfg = Debug|Any CPU
		{C063B281-E1F1-452D-8AF5-31C5E23FF9B6}.Debug|Any CPU.Build.0 = Debug|Any CPU
		{C063B281-E1F1-452D-8AF5-31C5E23FF9B6}.Release|Any CPU.ActiveCfg = Release|Any CPU
		{C063B281-E1F1-452D-8AF5-31C5E23FF9B6}.Release|Any CPU.Build.0 = Release|Any CPU
		{31218CB5-E306-44B6-B08B-34353D58EE77}.Debug|Any CPU.ActiveCfg = Debug|Any CPU
		{31218CB5-E306-44B6-B08B-34353D58EE77}.Debug|Any CPU.Build.0 = Debug|Any CPU
		{31218CB5-E306-44B6-B08B-34353D58EE77}.Release|Any CPU.ActiveCfg = Release|Any CPU
		{31218CB5-E306-44B6-B08B-34353D58EE77}.Release|Any CPU.Build.0 = Release|Any CPU
		{93FD1EE1-20EB-42CE-BCB1-0B3BEC26F4AB}.Debug|Any CPU.ActiveCfg = Debug|Any CPU
		{93FD1EE1-20EB-42CE-BCB1-0B3BEC26F4AB}.Debug|Any CPU.Build.0 = Debug|Any CPU
		{93FD1EE1-20EB-42CE-BCB1-0B3BEC26F4AB}.Release|Any CPU.ActiveCfg = Release|Any CPU
		{93FD1EE1-20EB-42CE-BCB1-0B3BEC26F4AB}.Release|Any CPU.Build.0 = Release|Any CPU
		{D653C3FA-AA77-4E89-839A-B0BA44A785B5}.Debug|Any CPU.ActiveCfg = Debug|Any CPU
		{D653C3FA-AA77-4E89-839A-B0BA44A785B5}.Debug|Any CPU.Build.0 = Debug|Any CPU
		{D653C3FA-AA77-4E89-839A-B0BA44A785B5}.Release|Any CPU.ActiveCfg = Release|Any CPU
		{D653C3FA-AA77-4E89-839A-B0BA44A785B5}.Release|Any CPU.Build.0 = Release|Any CPU
		{D91F24EE-6D15-4450-A92E-2E8183CCE2F2}.Debug|Any CPU.ActiveCfg = Debug|Any CPU
		{D91F24EE-6D15-4450-A92E-2E8183CCE2F2}.Debug|Any CPU.Build.0 = Debug|Any CPU
		{D91F24EE-6D15-4450-A92E-2E8183CCE2F2}.Release|Any CPU.ActiveCfg = Release|Any CPU
		{D91F24EE-6D15-4450-A92E-2E8183CCE2F2}.Release|Any CPU.Build.0 = Release|Any CPU
		{E9542F9D-D9A4-485A-A6B5-A80F2F16CCBD}.Debug|Any CPU.ActiveCfg = Debug|Any CPU
		{E9542F9D-D9A4-485A-A6B5-A80F2F16CCBD}.Debug|Any CPU.Build.0 = Debug|Any CPU
		{E9542F9D-D9A4-485A-A6B5-A80F2F16CCBD}.Release|Any CPU.ActiveCfg = Release|Any CPU
		{E9542F9D-D9A4-485A-A6B5-A80F2F16CCBD}.Release|Any CPU.Build.0 = Release|Any CPU
		{61027BF9-6B4F-478B-A62C-E186A187D294}.Debug|Any CPU.ActiveCfg = Debug|Any CPU
		{61027BF9-6B4F-478B-A62C-E186A187D294}.Debug|Any CPU.Build.0 = Debug|Any CPU
		{61027BF9-6B4F-478B-A62C-E186A187D294}.Release|Any CPU.ActiveCfg = Release|Any CPU
		{61027BF9-6B4F-478B-A62C-E186A187D294}.Release|Any CPU.Build.0 = Release|Any CPU
		{1BFF6784-E9E2-4686-928B-29331DB30A23}.Debug|Any CPU.ActiveCfg = Debug|Any CPU
		{1BFF6784-E9E2-4686-928B-29331DB30A23}.Debug|Any CPU.Build.0 = Debug|Any CPU
		{1BFF6784-E9E2-4686-928B-29331DB30A23}.Release|Any CPU.ActiveCfg = Release|Any CPU
		{1BFF6784-E9E2-4686-928B-29331DB30A23}.Release|Any CPU.Build.0 = Release|Any CPU
		{1D5FF9DC-1676-4EDB-AD65-C3B132FC7550}.Debug|Any CPU.ActiveCfg = Debug|Any CPU
		{1D5FF9DC-1676-4EDB-AD65-C3B132FC7550}.Debug|Any CPU.Build.0 = Debug|Any CPU
		{1D5FF9DC-1676-4EDB-AD65-C3B132FC7550}.Release|Any CPU.ActiveCfg = Release|Any CPU
		{1D5FF9DC-1676-4EDB-AD65-C3B132FC7550}.Release|Any CPU.Build.0 = Release|Any CPU
		{79A0E949-11E1-4A15-9880-D2AEA3E4B7A2}.Debug|Any CPU.ActiveCfg = Debug|Any CPU
		{79A0E949-11E1-4A15-9880-D2AEA3E4B7A2}.Debug|Any CPU.Build.0 = Debug|Any CPU
		{79A0E949-11E1-4A15-9880-D2AEA3E4B7A2}.Release|Any CPU.ActiveCfg = Release|Any CPU
		{79A0E949-11E1-4A15-9880-D2AEA3E4B7A2}.Release|Any CPU.Build.0 = Release|Any CPU
		{1003A9B0-20EE-45BB-B7E2-54C4FC239038}.Debug|Any CPU.ActiveCfg = Debug|Any CPU
		{1003A9B0-20EE-45BB-B7E2-54C4FC239038}.Debug|Any CPU.Build.0 = Debug|Any CPU
		{1003A9B0-20EE-45BB-B7E2-54C4FC239038}.Release|Any CPU.ActiveCfg = Release|Any CPU
		{1003A9B0-20EE-45BB-B7E2-54C4FC239038}.Release|Any CPU.Build.0 = Release|Any CPU
		{06986C83-B88C-4C1F-BD66-C39997E4ED48}.Debug|Any CPU.ActiveCfg = Debug|Any CPU
		{06986C83-B88C-4C1F-BD66-C39997E4ED48}.Debug|Any CPU.Build.0 = Debug|Any CPU
		{06986C83-B88C-4C1F-BD66-C39997E4ED48}.Release|Any CPU.ActiveCfg = Release|Any CPU
		{06986C83-B88C-4C1F-BD66-C39997E4ED48}.Release|Any CPU.Build.0 = Release|Any CPU
		{C57DE1F5-DBF0-4FEC-B87D-E2356212ADBB}.Debug|Any CPU.ActiveCfg = Debug|Any CPU
		{C57DE1F5-DBF0-4FEC-B87D-E2356212ADBB}.Debug|Any CPU.Build.0 = Debug|Any CPU
		{C57DE1F5-DBF0-4FEC-B87D-E2356212ADBB}.Release|Any CPU.ActiveCfg = Release|Any CPU
		{C57DE1F5-DBF0-4FEC-B87D-E2356212ADBB}.Release|Any CPU.Build.0 = Release|Any CPU
		{9D026699-5070-4F16-8EAF-D58F1AF1D5E2}.Debug|Any CPU.ActiveCfg = Debug|Any CPU
		{9D026699-5070-4F16-8EAF-D58F1AF1D5E2}.Debug|Any CPU.Build.0 = Debug|Any CPU
		{9D026699-5070-4F16-8EAF-D58F1AF1D5E2}.Release|Any CPU.ActiveCfg = Release|Any CPU
		{9D026699-5070-4F16-8EAF-D58F1AF1D5E2}.Release|Any CPU.Build.0 = Release|Any CPU
		{E2E9EEEF-0920-4729-9069-75530A235881}.Debug|Any CPU.ActiveCfg = Debug|Any CPU
		{E2E9EEEF-0920-4729-9069-75530A235881}.Debug|Any CPU.Build.0 = Debug|Any CPU
		{E2E9EEEF-0920-4729-9069-75530A235881}.Release|Any CPU.ActiveCfg = Release|Any CPU
		{E2E9EEEF-0920-4729-9069-75530A235881}.Release|Any CPU.Build.0 = Release|Any CPU
		{3CAB9CEF-0201-4096-BFEC-EFF9221E57E8}.Debug|Any CPU.ActiveCfg = Debug|Any CPU
		{3CAB9CEF-0201-4096-BFEC-EFF9221E57E8}.Debug|Any CPU.Build.0 = Debug|Any CPU
		{3CAB9CEF-0201-4096-BFEC-EFF9221E57E8}.Release|Any CPU.ActiveCfg = Release|Any CPU
		{3CAB9CEF-0201-4096-BFEC-EFF9221E57E8}.Release|Any CPU.Build.0 = Release|Any CPU
		{D7B23423-E018-4867-A492-2730BDF34423}.Debug|Any CPU.ActiveCfg = Debug|Any CPU
		{D7B23423-E018-4867-A492-2730BDF34423}.Debug|Any CPU.Build.0 = Debug|Any CPU
		{D7B23423-E018-4867-A492-2730BDF34423}.Release|Any CPU.ActiveCfg = Release|Any CPU
		{D7B23423-E018-4867-A492-2730BDF34423}.Release|Any CPU.Build.0 = Release|Any CPU
		{3B0640F5-A39E-4655-A0CA-B30968002462}.Debug|Any CPU.ActiveCfg = Debug|Any CPU
		{3B0640F5-A39E-4655-A0CA-B30968002462}.Debug|Any CPU.Build.0 = Debug|Any CPU
		{3B0640F5-A39E-4655-A0CA-B30968002462}.Release|Any CPU.ActiveCfg = Release|Any CPU
		{3B0640F5-A39E-4655-A0CA-B30968002462}.Release|Any CPU.Build.0 = Release|Any CPU
		{2AAB5E03-7793-4404-852F-4AEEFCD0B4D0}.Debug|Any CPU.ActiveCfg = Debug|Any CPU
		{2AAB5E03-7793-4404-852F-4AEEFCD0B4D0}.Debug|Any CPU.Build.0 = Debug|Any CPU
		{2AAB5E03-7793-4404-852F-4AEEFCD0B4D0}.Release|Any CPU.ActiveCfg = Release|Any CPU
		{2AAB5E03-7793-4404-852F-4AEEFCD0B4D0}.Release|Any CPU.Build.0 = Release|Any CPU
	EndGlobalSection
	GlobalSection(SolutionProperties) = preSolution
		HideSolutionNode = FALSE
	EndGlobalSection
	GlobalSection(NestedProjects) = preSolution
		{C063B281-E1F1-452D-8AF5-31C5E23FF9B6} = {50B3BB46-0E41-4805-A741-9235903F00DC}
		{31218CB5-E306-44B6-B08B-34353D58EE77} = {50B3BB46-0E41-4805-A741-9235903F00DC}
		{D653C3FA-AA77-4E89-839A-B0BA44A785B5} = {50B3BB46-0E41-4805-A741-9235903F00DC}
		{D91F24EE-6D15-4450-A92E-2E8183CCE2F2} = {E134002C-2D5C-4EA8-A925-A4D138293D4A}
		{E9542F9D-D9A4-485A-A6B5-A80F2F16CCBD} = {E134002C-2D5C-4EA8-A925-A4D138293D4A}
		{10E3DF19-8EA1-413F-BD93-83AE88A7FADA} = {50B3BB46-0E41-4805-A741-9235903F00DC}
		{004A2769-EE4D-4680-B3A1-5593ADC6C946} = {50B3BB46-0E41-4805-A741-9235903F00DC}
		{AC7ECCBB-5922-4254-8A87-FEB21E71E603} = {50B3BB46-0E41-4805-A741-9235903F00DC}
		{61027BF9-6B4F-478B-A62C-E186A187D294} = {10E3DF19-8EA1-413F-BD93-83AE88A7FADA}
		{1BFF6784-E9E2-4686-928B-29331DB30A23} = {10E3DF19-8EA1-413F-BD93-83AE88A7FADA}
		{1D5FF9DC-1676-4EDB-AD65-C3B132FC7550} = {10E3DF19-8EA1-413F-BD93-83AE88A7FADA}
		{79A0E949-11E1-4A15-9880-D2AEA3E4B7A2} = {10E3DF19-8EA1-413F-BD93-83AE88A7FADA}
		{1003A9B0-20EE-45BB-B7E2-54C4FC239038} = {10E3DF19-8EA1-413F-BD93-83AE88A7FADA}
		{06986C83-B88C-4C1F-BD66-C39997E4ED48} = {AC7ECCBB-5922-4254-8A87-FEB21E71E603}
		{C57DE1F5-DBF0-4FEC-B87D-E2356212ADBB} = {AC7ECCBB-5922-4254-8A87-FEB21E71E603}
		{9D026699-5070-4F16-8EAF-D58F1AF1D5E2} = {AC7ECCBB-5922-4254-8A87-FEB21E71E603}
		{E2E9EEEF-0920-4729-9069-75530A235881} = {AC7ECCBB-5922-4254-8A87-FEB21E71E603}
		{3CAB9CEF-0201-4096-BFEC-EFF9221E57E8} = {AC7ECCBB-5922-4254-8A87-FEB21E71E603}
		{D7B23423-E018-4867-A492-2730BDF34423} = {004A2769-EE4D-4680-B3A1-5593ADC6C946}
		{3B0640F5-A39E-4655-A0CA-B30968002462} = {004A2769-EE4D-4680-B3A1-5593ADC6C946}
		{2AAB5E03-7793-4404-852F-4AEEFCD0B4D0} = {004A2769-EE4D-4680-B3A1-5593ADC6C946}
	EndGlobalSection
	GlobalSection(ExtensibilityGlobals) = postSolution
		SolutionGuid = {F9854031-7707-4BE6-A92C-67D9DA83E819}
	EndGlobalSection
EndGlobal
